
Microsoft Visual Studio Solution File, Format Version 12.00
# Visual Studio Version 16
VisualStudioVersion = 16.0.32228.343
MinimumVisualStudioVersion = 10.0.40219.1
Project("{FAE04EC0-301F-11D3-BF4B-00C04F79EFBC}") = "MatchGames", "MatchGames\MatchGames.csproj", "{42142EA3-2FBD-4596-8BA2-A1FB6178DCBE}"
EndProject
Global
	GlobalSection(SolutionConfigurationPlatforms) = preSolution
		Debug|Any CPU = Debug|Any CPU
		Release|Any CPU = Release|Any CPU
	EndGlobalSection
	GlobalSection(ProjectConfigurationPlatforms) = postSolution
		{42142EA3-2FBD-4596-8BA2-A1FB6178DCBE}.Debug|Any CPU.ActiveCfg = Debug|Any CPU
		{42142EA3-2FBD-4596-8BA2-A1FB6178DCBE}.Debug|Any CPU.Build.0 = Debug|Any CPU
		{42142EA3-2FBD-4596-8BA2-A1FB6178DCBE}.Release|Any CPU.ActiveCfg = Release|Any CPU
		{42142EA3-2FBD-4596-8BA2-A1FB6178DCBE}.Release|Any CPU.Build.0 = Release|Any CPU
	EndGlobalSection
	GlobalSection(SolutionProperties) = preSolution
		HideSolutionNode = FALSE
	EndGlobalSection
	GlobalSection(ExtensibilityGlobals) = postSolution
		SolutionGuid = {0F26E1E8-7D05-4007-AB82-97EF62DAB02C}
	EndGlobalSection
EndGlobal
